// !$*UTF8*$!
{
	archiveVersion = 1;
	classes = {
	};
	objectVersion = 56;
	objects = {

/* Begin PBXBuildFile section */
		3ABB94E42D16E2B4000D6142 /* chatzyApp.swift in Sources */ = {isa = PBXBuildFile; fileRef = 3ABB94E32D16E2B4000D6142 /* chatzyApp.swift */; };
		3ABB94E62D16E2B4000D6142 /* ContentView.swift in Sources */ = {isa = PBXBuildFile; fileRef = 3ABB94E52D16E2B4000D6142 /* ContentView.swift */; };
		3ABB94E82D16E2B5000D6142 /* Assets.xcassets in Resources */ = {isa = PBXBuildFile; fileRef = 3ABB94E72D16E2B5000D6142 /* Assets.xcassets */; };
		3ABB94EB2D16E2B5000D6142 /* Preview Assets.xcassets in Resources */ = {isa = PBXBuildFile; fileRef = 3ABB94EA2D16E2B5000D6142 /* Preview Assets.xcassets */; };
		3ABB94F82D16E332000D6142 /* User.swift in Sources */ = {isa = PBXBuildFile; fileRef = 3ABB94F72D16E332000D6142 /* User.swift */; };
		3ABB94FB2D16E371000D6142 /* NetworkService.swift in Sources */ = {isa = PBXBuildFile; fileRef = 3ABB94FA2D16E371000D6142 /* NetworkService.swift */; };
		3ABB94FE2D16E3E0000D6142 /* SocketIO in Frameworks */ = {isa = PBXBuildFile; productRef = 3ABB94FD2D16E3E0000D6142 /* SocketIO */; };
		3ABB95002D16E40C000D6142 /* SocketService.swift in Sources */ = {isa = PBXBuildFile; fileRef = 3ABB94FF2D16E40C000D6142 /* SocketService.swift */; };
		3ABB95032D16E43E000D6142 /* ChatViewModel.swift in Sources */ = {isa = PBXBuildFile; fileRef = 3ABB95022D16E43E000D6142 /* ChatViewModel.swift */; };
		3ABB95072D16E527000D6142 /* AuthViewModel.swift in Sources */ = {isa = PBXBuildFile; fileRef = 3ABB95062D16E527000D6142 /* AuthViewModel.swift */; };
		3ABB950D2D16E8EA000D6142 /* AuthView.swift in Sources */ = {isa = PBXBuildFile; fileRef = 3ABB950C2D16E8EA000D6142 /* AuthView.swift */; };
		3ABB950F2D16E92A000D6142 /* LoginView.swift in Sources */ = {isa = PBXBuildFile; fileRef = 3ABB950E2D16E92A000D6142 /* LoginView.swift */; };
		3ABB95112D16E93B000D6142 /* RegisterView.swift in Sources */ = {isa = PBXBuildFile; fileRef = 3ABB95102D16E93B000D6142 /* RegisterView.swift */; };
		3ABB95142D16E997000D6142 /* ConversationsView.swift in Sources */ = {isa = PBXBuildFile; fileRef = 3ABB95132D16E997000D6142 /* ConversationsView.swift */; };
		3ABB95162D16E9C4000D6142 /* ChatDetailView.swift in Sources */ = {isa = PBXBuildFile; fileRef = 3ABB95152D16E9C4000D6142 /* ChatDetailView.swift */; };
		3ABB95192D16E9FB000D6142 /* MessageBubble.swift in Sources */ = {isa = PBXBuildFile; fileRef = 3ABB95182D16E9FB000D6142 /* MessageBubble.swift */; };
		3ABB951B2D16EA22000D6142 /* ConversationRow.swift in Sources */ = {isa = PBXBuildFile; fileRef = 3ABB951A2D16EA21000D6142 /* ConversationRow.swift */; };
		3ABB951D2D170BEE000D6142 /* Conversation.swift in Sources */ = {isa = PBXBuildFile; fileRef = 3ABB951C2D170BEE000D6142 /* Conversation.swift */; };
		3ABB951F2D170C1F000D6142 /* Message.swift in Sources */ = {isa = PBXBuildFile; fileRef = 3ABB951E2D170C1F000D6142 /* Message.swift */; };
		3ABB95212D170C4F000D6142 /* ApiResponse.swift in Sources */ = {isa = PBXBuildFile; fileRef = 3ABB95202D170C4F000D6142 /* ApiResponse.swift */; };
		3ABB95232D1710BF000D6142 /* NewConversationsView.swift in Sources */ = {isa = PBXBuildFile; fileRef = 3ABB95222D1710BF000D6142 /* NewConversationsView.swift */; };
		3ABB95262D1721B6000D6142 /* UserDefaults+Extension.swift in Sources */ = {isa = PBXBuildFile; fileRef = 3ABB95252D1721B6000D6142 /* UserDefaults+Extension.swift */; };
		3AF48C5C2D17397800D95D48 /* Date+Utils.swift in Sources */ = {isa = PBXBuildFile; fileRef = 3AF48C5B2D17397800D95D48 /* Date+Utils.swift */; };
		3AF48C5F2D17A90600D95D48 /* ChatzyApp.xcdatamodeld in Sources */ = {isa = PBXBuildFile; fileRef = 3AF48C5D2D17A90600D95D48 /* ChatzyApp.xcdatamodeld */; };
		3AF48C622D17AF2400D95D48 /* CoreDataManager.swift in Sources */ = {isa = PBXBuildFile; fileRef = 3AF48C612D17AF2400D95D48 /* CoreDataManager.swift */; };
		3AF48C672D181FCA00D95D48 /* NetworkMonitor.swift in Sources */ = {isa = PBXBuildFile; fileRef = 3AF48C662D181FCA00D95D48 /* NetworkMonitor.swift */; };
		3AF48C692D18200C00D95D48 /* NetworkStatusView.swift in Sources */ = {isa = PBXBuildFile; fileRef = 3AF48C682D18200C00D95D48 /* NetworkStatusView.swift */; };
/* End PBXBuildFile section */

/* Begin PBXFileReference section */
		3ABB94E02D16E2B4000D6142 /* chatzy.app */ = {isa = PBXFileReference; explicitFileType = wrapper.application; includeInIndex = 0; path = chatzy.app; sourceTree = BUILT_PRODUCTS_DIR; };
		3ABB94E32D16E2B4000D6142 /* chatzyApp.swift */ = {isa = PBXFileReference; lastKnownFileType = sourcecode.swift; path = chatzyApp.swift; sourceTree = "<group>"; };
		3ABB94E52D16E2B4000D6142 /* ContentView.swift */ = {isa = PBXFileReference; lastKnownFileType = sourcecode.swift; path = ContentView.swift; sourceTree = "<group>"; };
		3ABB94E72D16E2B5000D6142 /* Assets.xcassets */ = {isa = PBXFileReference; lastKnownFileType = folder.assetcatalog; path = Assets.xcassets; sourceTree = "<group>"; };
		3ABB94EA2D16E2B5000D6142 /* Preview Assets.xcassets */ = {isa = PBXFileReference; lastKnownFileType = folder.assetcatalog; path = "Preview Assets.xcassets"; sourceTree = "<group>"; };
		3ABB94F72D16E332000D6142 /* User.swift */ = {isa = PBXFileReference; lastKnownFileType = sourcecode.swift; path = User.swift; sourceTree = "<group>"; };
		3ABB94FA2D16E371000D6142 /* NetworkService.swift */ = {isa = PBXFileReference; lastKnownFileType = sourcecode.swift; path = NetworkService.swift; sourceTree = "<group>"; };
		3ABB94FF2D16E40C000D6142 /* SocketService.swift */ = {isa = PBXFileReference; lastKnownFileType = sourcecode.swift; path = SocketService.swift; sourceTree = "<group>"; };
		3ABB95022D16E43E000D6142 /* ChatViewModel.swift */ = {isa = PBXFileReference; lastKnownFileType = sourcecode.swift; path = ChatViewModel.swift; sourceTree = "<group>"; };
		3ABB95062D16E527000D6142 /* AuthViewModel.swift */ = {isa = PBXFileReference; lastKnownFileType = sourcecode.swift; path = AuthViewModel.swift; sourceTree = "<group>"; };
		3ABB950C2D16E8EA000D6142 /* AuthView.swift */ = {isa = PBXFileReference; lastKnownFileType = sourcecode.swift; path = AuthView.swift; sourceTree = "<group>"; };
		3ABB950E2D16E92A000D6142 /* LoginView.swift */ = {isa = PBXFileReference; lastKnownFileType = sourcecode.swift; path = LoginView.swift; sourceTree = "<group>"; };
		3ABB95102D16E93B000D6142 /* RegisterView.swift */ = {isa = PBXFileReference; lastKnownFileType = sourcecode.swift; path = RegisterView.swift; sourceTree = "<group>"; };
		3ABB95132D16E997000D6142 /* ConversationsView.swift */ = {isa = PBXFileReference; lastKnownFileType = sourcecode.swift; path = ConversationsView.swift; sourceTree = "<group>"; };
		3ABB95152D16E9C4000D6142 /* ChatDetailView.swift */ = {isa = PBXFileReference; lastKnownFileType = sourcecode.swift; path = ChatDetailView.swift; sourceTree = "<group>"; };
		3ABB95182D16E9FB000D6142 /* MessageBubble.swift */ = {isa = PBXFileReference; lastKnownFileType = sourcecode.swift; path = MessageBubble.swift; sourceTree = "<group>"; };
		3ABB951A2D16EA21000D6142 /* ConversationRow.swift */ = {isa = PBXFileReference; lastKnownFileType = sourcecode.swift; path = ConversationRow.swift; sourceTree = "<group>"; };
		3ABB951C2D170BEE000D6142 /* Conversation.swift */ = {isa = PBXFileReference; lastKnownFileType = sourcecode.swift; path = Conversation.swift; sourceTree = "<group>"; };
		3ABB951E2D170C1F000D6142 /* Message.swift */ = {isa = PBXFileReference; lastKnownFileType = sourcecode.swift; path = Message.swift; sourceTree = "<group>"; };
		3ABB95202D170C4F000D6142 /* ApiResponse.swift */ = {isa = PBXFileReference; lastKnownFileType = sourcecode.swift; path = ApiResponse.swift; sourceTree = "<group>"; };
		3ABB95222D1710BF000D6142 /* NewConversationsView.swift */ = {isa = PBXFileReference; lastKnownFileType = sourcecode.swift; path = NewConversationsView.swift; sourceTree = "<group>"; };
		3ABB95252D1721B6000D6142 /* UserDefaults+Extension.swift */ = {isa = PBXFileReference; lastKnownFileType = sourcecode.swift; path = "UserDefaults+Extension.swift"; sourceTree = "<group>"; };
		3AF48C5B2D17397800D95D48 /* Date+Utils.swift */ = {isa = PBXFileReference; lastKnownFileType = sourcecode.swift; path = "Date+Utils.swift"; sourceTree = "<group>"; };
		3AF48C5E2D17A90600D95D48 /* ChatzyApp.xcdatamodel */ = {isa = PBXFileReference; lastKnownFileType = wrapper.xcdatamodel; path = ChatzyApp.xcdatamodel; sourceTree = "<group>"; };
		3AF48C612D17AF2400D95D48 /* CoreDataManager.swift */ = {isa = PBXFileReference; lastKnownFileType = sourcecode.swift; path = CoreDataManager.swift; sourceTree = "<group>"; };
		3AF48C632D181DC700D95D48 /* README.md */ = {isa = PBXFileReference; lastKnownFileType = net.daringfireball.markdown; path = README.md; sourceTree = "<group>"; };
		3AF48C662D181FCA00D95D48 /* NetworkMonitor.swift */ = {isa = PBXFileReference; lastKnownFileType = sourcecode.swift; path = NetworkMonitor.swift; sourceTree = "<group>"; };
		3AF48C682D18200C00D95D48 /* NetworkStatusView.swift */ = {isa = PBXFileReference; lastKnownFileType = sourcecode.swift; path = NetworkStatusView.swift; sourceTree = "<group>"; };
		3AF48C6C2D18519A00D95D48 /* Documentation.md */ = {isa = PBXFileReference; lastKnownFileType = net.daringfireball.markdown; path = Documentation.md; sourceTree = "<group>"; };
/* End PBXFileReference section */

/* Begin PBXFrameworksBuildPhase section */
		3ABB94DD2D16E2B4000D6142 /* Frameworks */ = {
			isa = PBXFrameworksBuildPhase;
			buildActionMask = 2147483647;
			files = (
				3ABB94FE2D16E3E0000D6142 /* SocketIO in Frameworks */,
			);
			runOnlyForDeploymentPostprocessing = 0;
		};
/* End PBXFrameworksBuildPhase section */

/* Begin PBXGroup section */
		3ABB94D72D16E2B4000D6142 = {
			isa = PBXGroup;
			children = (
				3ABB94E22D16E2B4000D6142 /* chatzy */,
				3ABB94E12D16E2B4000D6142 /* Products */,
			);
			sourceTree = "<group>";
		};
		3ABB94E12D16E2B4000D6142 /* Products */ = {
			isa = PBXGroup;
			children = (
				3ABB94E02D16E2B4000D6142 /* chatzy.app */,
			);
			name = Products;
			sourceTree = "<group>";
		};
		3ABB94E22D16E2B4000D6142 /* chatzy */ = {
			isa = PBXGroup;
			children = (
				3AF48C642D181E4E00D95D48 /* resources */,
				3AF48C602D17AEFE00D95D48 /* persistence */,
				3AF48C5A2D17396100D95D48 /* utils */,
				3ABB95242D172193000D6142 /* extensions */,
				3ABB950A2D16E8D2000D6142 /* views */,
				3ABB95012D16E422000D6142 /* viewmodels */,
				3ABB94F92D16E35E000D6142 /* services */,
				3ABB94F62D16E30E000D6142 /* models */,
				3AF48C652D181EB100D95D48 /* app */,
				3ABB94E72D16E2B5000D6142 /* Assets.xcassets */,
				3ABB94E92D16E2B5000D6142 /* Preview Content */,
				3AF48C632D181DC700D95D48 /* README.md */,
				3AF48C6C2D18519A00D95D48 /* Documentation.md */,
			);
			path = chatzy;
			sourceTree = "<group>";
		};
		3ABB94E92D16E2B5000D6142 /* Preview Content */ = {
			isa = PBXGroup;
			children = (
				3ABB94EA2D16E2B5000D6142 /* Preview Assets.xcassets */,
			);
			path = "Preview Content";
			sourceTree = "<group>";
		};
		3ABB94F62D16E30E000D6142 /* models */ = {
			isa = PBXGroup;
			children = (
				3ABB94F72D16E332000D6142 /* User.swift */,
				3ABB951C2D170BEE000D6142 /* Conversation.swift */,
				3ABB951E2D170C1F000D6142 /* Message.swift */,
				3ABB95202D170C4F000D6142 /* ApiResponse.swift */,
			);
			path = models;
			sourceTree = "<group>";
		};
		3ABB94F92D16E35E000D6142 /* services */ = {
			isa = PBXGroup;
			children = (
				3ABB94FA2D16E371000D6142 /* NetworkService.swift */,
				3ABB94FF2D16E40C000D6142 /* SocketService.swift */,
				3AF48C662D181FCA00D95D48 /* NetworkMonitor.swift */,
			);
			path = services;
			sourceTree = "<group>";
		};
		3ABB95012D16E422000D6142 /* viewmodels */ = {
			isa = PBXGroup;
			children = (
				3ABB95022D16E43E000D6142 /* ChatViewModel.swift */,
				3ABB95062D16E527000D6142 /* AuthViewModel.swift */,
			);
			path = viewmodels;
			sourceTree = "<group>";
		};
		3ABB950A2D16E8D2000D6142 /* views */ = {
			isa = PBXGroup;
			children = (
				3ABB95172D16E9E0000D6142 /* components */,
				3ABB95122D16E980000D6142 /* chat */,
				3ABB950B2D16E8D8000D6142 /* auth */,
			);
			path = views;
			sourceTree = "<group>";
		};
		3ABB950B2D16E8D8000D6142 /* auth */ = {
			isa = PBXGroup;
			children = (
				3ABB950C2D16E8EA000D6142 /* AuthView.swift */,
				3ABB950E2D16E92A000D6142 /* LoginView.swift */,
				3ABB95102D16E93B000D6142 /* RegisterView.swift */,
			);
			path = auth;
			sourceTree = "<group>";
		};
		3ABB95122D16E980000D6142 /* chat */ = {
			isa = PBXGroup;
			children = (
				3ABB95132D16E997000D6142 /* ConversationsView.swift */,
				3ABB95152D16E9C4000D6142 /* ChatDetailView.swift */,
				3ABB95222D1710BF000D6142 /* NewConversationsView.swift */,
			);
			path = chat;
			sourceTree = "<group>";
		};
		3ABB95172D16E9E0000D6142 /* components */ = {
			isa = PBXGroup;
			children = (
				3ABB95182D16E9FB000D6142 /* MessageBubble.swift */,
				3ABB951A2D16EA21000D6142 /* ConversationRow.swift */,
				3AF48C682D18200C00D95D48 /* NetworkStatusView.swift */,
			);
			path = components;
			sourceTree = "<group>";
		};
		3ABB95242D172193000D6142 /* extensions */ = {
			isa = PBXGroup;
			children = (
				3ABB95252D1721B6000D6142 /* UserDefaults+Extension.swift */,
			);
			path = extensions;
			sourceTree = "<group>";
		};
		3AF48C5A2D17396100D95D48 /* utils */ = {
			isa = PBXGroup;
			children = (
				3AF48C5B2D17397800D95D48 /* Date+Utils.swift */,
			);
			path = utils;
			sourceTree = "<group>";
		};
		3AF48C602D17AEFE00D95D48 /* persistence */ = {
			isa = PBXGroup;
			children = (
				3AF48C612D17AF2400D95D48 /* CoreDataManager.swift */,
			);
			path = persistence;
			sourceTree = "<group>";
		};
		3AF48C642D181E4E00D95D48 /* resources */ = {
			isa = PBXGroup;
			children = (
				3AF48C5D2D17A90600D95D48 /* ChatzyApp.xcdatamodeld */,
			);
			path = resources;
			sourceTree = "<group>";
		};
		3AF48C652D181EB100D95D48 /* app */ = {
			isa = PBXGroup;
			children = (
				3ABB94E52D16E2B4000D6142 /* ContentView.swift */,
				3ABB94E32D16E2B4000D6142 /* chatzyApp.swift */,
			);
			name = app;
			sourceTree = "<group>";
		};
/* End PBXGroup section */

/* Begin PBXNativeTarget section */
		3ABB94DF2D16E2B4000D6142 /* chatzy */ = {
			isa = PBXNativeTarget;
			buildConfigurationList = 3ABB94F32D16E2B5000D6142 /* Build configuration list for PBXNativeTarget "chatzy" */;
			buildPhases = (
				3ABB94DC2D16E2B4000D6142 /* Sources */,
				3ABB94DD2D16E2B4000D6142 /* Frameworks */,
				3ABB94DE2D16E2B4000D6142 /* Resources */,
			);
			buildRules = (
			);
			dependencies = (
			);
			name = chatzy;
			packageProductDependencies = (
				3ABB94FD2D16E3E0000D6142 /* SocketIO */,
			);
			productName = chatzy;
			productReference = 3ABB94E02D16E2B4000D6142 /* chatzy.app */;
			productType = "com.apple.product-type.application";
		};
/* End PBXNativeTarget section */

/* Begin PBXProject section */
		3ABB94D82D16E2B4000D6142 /* Project object */ = {
			isa = PBXProject;
			attributes = {
				BuildIndependentTargetsInParallel = 1;
				LastSwiftUpdateCheck = 1500;
				LastUpgradeCheck = 1500;
				TargetAttributes = {
					3ABB94DF2D16E2B4000D6142 = {
						CreatedOnToolsVersion = 15.0;
					};
				};
			};
			buildConfigurationList = 3ABB94DB2D16E2B4000D6142 /* Build configuration list for PBXProject "chatzy" */;
			compatibilityVersion = "Xcode 14.0";
			developmentRegion = en;
			hasScannedForEncodings = 0;
			knownRegions = (
				en,
				Base,
			);
			mainGroup = 3ABB94D72D16E2B4000D6142;
			packageReferences = (
				3ABB94FC2D16E3E0000D6142 /* XCRemoteSwiftPackageReference "socket" */,
			);
			productRefGroup = 3ABB94E12D16E2B4000D6142 /* Products */;
			projectDirPath = "";
			projectRoot = "";
			targets = (
				3ABB94DF2D16E2B4000D6142 /* chatzy */,
			);
		};
/* End PBXProject section */

/* Begin PBXResourcesBuildPhase section */
		3ABB94DE2D16E2B4000D6142 /* Resources */ = {
			isa = PBXResourcesBuildPhase;
			buildActionMask = 2147483647;
			files = (
				3ABB94EB2D16E2B5000D6142 /* Preview Assets.xcassets in Resources */,
				3ABB94E82D16E2B5000D6142 /* Assets.xcassets in Resources */,
			);
			runOnlyForDeploymentPostprocessing = 0;
		};
/* End PBXResourcesBuildPhase section */

/* Begin PBXSourcesBuildPhase section */
		3ABB94DC2D16E2B4000D6142 /* Sources */ = {
			isa = PBXSourcesBuildPhase;
			buildActionMask = 2147483647;
			files = (
				3ABB95072D16E527000D6142 /* AuthViewModel.swift in Sources */,
				3ABB95232D1710BF000D6142 /* NewConversationsView.swift in Sources */,
				3ABB94E62D16E2B4000D6142 /* ContentView.swift in Sources */,
				3AF48C692D18200C00D95D48 /* NetworkStatusView.swift in Sources */,
				3ABB95112D16E93B000D6142 /* RegisterView.swift in Sources */,
				3ABB95032D16E43E000D6142 /* ChatViewModel.swift in Sources */,
				3AF48C622D17AF2400D95D48 /* CoreDataManager.swift in Sources */,
				3ABB95002D16E40C000D6142 /* SocketService.swift in Sources */,
				3AF48C5F2D17A90600D95D48 /* ChatzyApp.xcdatamodeld in Sources */,
				3AF48C5C2D17397800D95D48 /* Date+Utils.swift in Sources */,
				3ABB951F2D170C1F000D6142 /* Message.swift in Sources */,
				3ABB95142D16E997000D6142 /* ConversationsView.swift in Sources */,
				3ABB950D2D16E8EA000D6142 /* AuthView.swift in Sources */,
				3ABB95192D16E9FB000D6142 /* MessageBubble.swift in Sources */,
				3ABB94F82D16E332000D6142 /* User.swift in Sources */,
				3ABB95262D1721B6000D6142 /* UserDefaults+Extension.swift in Sources */,
				3ABB95212D170C4F000D6142 /* ApiResponse.swift in Sources */,
				3ABB951D2D170BEE000D6142 /* Conversation.swift in Sources */,
				3ABB951B2D16EA22000D6142 /* ConversationRow.swift in Sources */,
				3ABB950F2D16E92A000D6142 /* LoginView.swift in Sources */,
				3ABB95162D16E9C4000D6142 /* ChatDetailView.swift in Sources */,
				3ABB94FB2D16E371000D6142 /* NetworkService.swift in Sources */,
				3ABB94E42D16E2B4000D6142 /* chatzyApp.swift in Sources */,
				3AF48C672D181FCA00D95D48 /* NetworkMonitor.swift in Sources */,
			);
			runOnlyForDeploymentPostprocessing = 0;
		};
/* End PBXSourcesBuildPhase section */

/* Begin XCBuildConfiguration section */
		3ABB94F12D16E2B5000D6142 /* Debug */ = {
			isa = XCBuildConfiguration;
			buildSettings = {
				ALWAYS_SEARCH_USER_PATHS = NO;
				ASSETCATALOG_COMPILER_GENERATE_SWIFT_ASSET_SYMBOL_EXTENSIONS = YES;
				CLANG_ANALYZER_NONNULL = YES;
				CLANG_ANALYZER_NUMBER_OBJECT_CONVERSION = YES_AGGRESSIVE;
				CLANG_CXX_LANGUAGE_STANDARD = "gnu++20";
				CLANG_ENABLE_MODULES = YES;
				CLANG_ENABLE_OBJC_ARC = YES;
				CLANG_ENABLE_OBJC_WEAK = YES;
				CLANG_WARN_BLOCK_CAPTURE_AUTORELEASING = YES;
				CLANG_WARN_BOOL_CONVERSION = YES;
				CLANG_WARN_COMMA = YES;
				CLANG_WARN_CONSTANT_CONVERSION = YES;
				CLANG_WARN_DEPRECATED_OBJC_IMPLEMENTATIONS = YES;
				CLANG_WARN_DIRECT_OBJC_ISA_USAGE = YES_ERROR;
				CLANG_WARN_DOCUMENTATION_COMMENTS = YES;
				CLANG_WARN_EMPTY_BODY = YES;
				CLANG_WARN_ENUM_CONVERSION = YES;
				CLANG_WARN_INFINITE_RECURSION = YES;
				CLANG_WARN_INT_CONVERSION = YES;
				CLANG_WARN_NON_LITERAL_NULL_CONVERSION = YES;
				CLANG_WARN_OBJC_IMPLICIT_RETAIN_SELF = YES;
				CLANG_WARN_OBJC_LITERAL_CONVERSION = YES;
				CLANG_WARN_OBJC_ROOT_CLASS = YES_ERROR;
				CLANG_WARN_QUOTED_INCLUDE_IN_FRAMEWORK_HEADER = YES;
				CLANG_WARN_RANGE_LOOP_ANALYSIS = YES;
				CLANG_WARN_STRICT_PROTOTYPES = YES;
				CLANG_WARN_SUSPICIOUS_MOVE = YES;
				CLANG_WARN_UNGUARDED_AVAILABILITY = YES_AGGRESSIVE;
				CLANG_WARN_UNREACHABLE_CODE = YES;
				CLANG_WARN__DUPLICATE_METHOD_MATCH = YES;
				COPY_PHASE_STRIP = NO;
				DEBUG_INFORMATION_FORMAT = dwarf;
				ENABLE_STRICT_OBJC_MSGSEND = YES;
				ENABLE_TESTABILITY = YES;
				ENABLE_USER_SCRIPT_SANDBOXING = YES;
				GCC_C_LANGUAGE_STANDARD = gnu17;
				GCC_DYNAMIC_NO_PIC = NO;
				GCC_NO_COMMON_BLOCKS = YES;
				GCC_OPTIMIZATION_LEVEL = 0;
				GCC_PREPROCESSOR_DEFINITIONS = (
					"DEBUG=1",
					"$(inherited)",
				);
				GCC_WARN_64_TO_32_BIT_CONVERSION = YES;
				GCC_WARN_ABOUT_RETURN_TYPE = YES_ERROR;
				GCC_WARN_UNDECLARED_SELECTOR = YES;
				GCC_WARN_UNINITIALIZED_AUTOS = YES_AGGRESSIVE;
				GCC_WARN_UNUSED_FUNCTION = YES;
				GCC_WARN_UNUSED_VARIABLE = YES;
				IPHONEOS_DEPLOYMENT_TARGET = 17.0;
				LOCALIZATION_PREFERS_STRING_CATALOGS = YES;
				MTL_ENABLE_DEBUG_INFO = INCLUDE_SOURCE;
				MTL_FAST_MATH = YES;
				ONLY_ACTIVE_ARCH = YES;
				SDKROOT = iphoneos;
				SWIFT_ACTIVE_COMPILATION_CONDITIONS = "DEBUG $(inherited)";
				SWIFT_OPTIMIZATION_LEVEL = "-Onone";
			};
			name = Debug;
		};
		3ABB94F22D16E2B5000D6142 /* Release */ = {
			isa = XCBuildConfiguration;
			buildSettings = {
				ALWAYS_SEARCH_USER_PATHS = NO;
				ASSETCATALOG_COMPILER_GENERATE_SWIFT_ASSET_SYMBOL_EXTENSIONS = YES;
				CLANG_ANALYZER_NONNULL = YES;
				CLANG_ANALYZER_NUMBER_OBJECT_CONVERSION = YES_AGGRESSIVE;
				CLANG_CXX_LANGUAGE_STANDARD = "gnu++20";
				CLANG_ENABLE_MODULES = YES;
				CLANG_ENABLE_OBJC_ARC = YES;
				CLANG_ENABLE_OBJC_WEAK = YES;
				CLANG_WARN_BLOCK_CAPTURE_AUTORELEASING = YES;
				CLANG_WARN_BOOL_CONVERSION = YES;
				CLANG_WARN_COMMA = YES;
				CLANG_WARN_CONSTANT_CONVERSION = YES;
				CLANG_WARN_DEPRECATED_OBJC_IMPLEMENTATIONS = YES;
				CLANG_WARN_DIRECT_OBJC_ISA_USAGE = YES_ERROR;
				CLANG_WARN_DOCUMENTATION_COMMENTS = YES;
				CLANG_WARN_EMPTY_BODY = YES;
				CLANG_WARN_ENUM_CONVERSION = YES;
				CLANG_WARN_INFINITE_RECURSION = YES;
				CLANG_WARN_INT_CONVERSION = YES;
				CLANG_WARN_NON_LITERAL_NULL_CONVERSION = YES;
				CLANG_WARN_OBJC_IMPLICIT_RETAIN_SELF = YES;
				CLANG_WARN_OBJC_LITERAL_CONVERSION = YES;
				CLANG_WARN_OBJC_ROOT_CLASS = YES_ERROR;
				CLANG_WARN_QUOTED_INCLUDE_IN_FRAMEWORK_HEADER = YES;
				CLANG_WARN_RANGE_LOOP_ANALYSIS = YES;
				CLANG_WARN_STRICT_PROTOTYPES = YES;
				CLANG_WARN_SUSPICIOUS_MOVE = YES;
				CLANG_WARN_UNGUARDED_AVAILABILITY = YES_AGGRESSIVE;
				CLANG_WARN_UNREACHABLE_CODE = YES;
				CLANG_WARN__DUPLICATE_METHOD_MATCH = YES;
				COPY_PHASE_STRIP = NO;
				DEBUG_INFORMATION_FORMAT = "dwarf-with-dsym";
				ENABLE_NS_ASSERTIONS = NO;
				ENABLE_STRICT_OBJC_MSGSEND = YES;
				ENABLE_USER_SCRIPT_SANDBOXING = YES;
				GCC_C_LANGUAGE_STANDARD = gnu17;
				GCC_NO_COMMON_BLOCKS = YES;
				GCC_WARN_64_TO_32_BIT_CONVERSION = YES;
				GCC_WARN_ABOUT_RETURN_TYPE = YES_ERROR;
				GCC_WARN_UNDECLARED_SELECTOR = YES;
				GCC_WARN_UNINITIALIZED_AUTOS = YES_AGGRESSIVE;
				GCC_WARN_UNUSED_FUNCTION = YES;
				GCC_WARN_UNUSED_VARIABLE = YES;
				IPHONEOS_DEPLOYMENT_TARGET = 17.0;
				LOCALIZATION_PREFERS_STRING_CATALOGS = YES;
				MTL_ENABLE_DEBUG_INFO = NO;
				MTL_FAST_MATH = YES;
				SDKROOT = iphoneos;
				SWIFT_COMPILATION_MODE = wholemodule;
				VALIDATE_PRODUCT = YES;
			};
			name = Release;
		};
		3ABB94F42D16E2B5000D6142 /* Debug */ = {
			isa = XCBuildConfiguration;
			buildSettings = {
				ASSETCATALOG_COMPILER_APPICON_NAME = AppIcon;
				ASSETCATALOG_COMPILER_GLOBAL_ACCENT_COLOR_NAME = AccentColor;
				CODE_SIGN_STYLE = Automatic;
				CURRENT_PROJECT_VERSION = 1;
				DEVELOPMENT_ASSET_PATHS = "\"chatzy/Preview Content\"";
				DEVELOPMENT_TEAM = B4536J44ZV;
				ENABLE_PREVIEWS = YES;
				GENERATE_INFOPLIST_FILE = YES;
				INFOPLIST_KEY_UIApplicationSceneManifest_Generation = YES;
				INFOPLIST_KEY_UIApplicationSupportsIndirectInputEvents = YES;
				INFOPLIST_KEY_UILaunchScreen_Generation = YES;
				INFOPLIST_KEY_UISupportedInterfaceOrientations_iPad = "UIInterfaceOrientationPortrait UIInterfaceOrientationPortraitUpsideDown UIInterfaceOrientationLandscapeLeft UIInterfaceOrientationLandscapeRight";
				INFOPLIST_KEY_UISupportedInterfaceOrientations_iPhone = "UIInterfaceOrientationPortrait UIInterfaceOrientationLandscapeLeft UIInterfaceOrientationLandscapeRight";
				LD_RUNPATH_SEARCH_PATHS = (
					"$(inherited)",
					"@executable_path/Frameworks",
				);
				MARKETING_VERSION = 1.0;
				PRODUCT_BUNDLE_IDENTIFIER = com.emmanuel.chatzy;
				PRODUCT_NAME = "$(TARGET_NAME)";
				SWIFT_EMIT_LOC_STRINGS = YES;
				SWIFT_VERSION = 5.0;
				TARGETED_DEVICE_FAMILY = "1,2";
			};
			name = Debug;
		};
		3ABB94F52D16E2B5000D6142 /* Release */ = {
			isa = XCBuildConfiguration;
			buildSettings = {
				ASSETCATALOG_COMPILER_APPICON_NAME = AppIcon;
				ASSETCATALOG_COMPILER_GLOBAL_ACCENT_COLOR_NAME = AccentColor;
				CODE_SIGN_STYLE = Automatic;
				CURRENT_PROJECT_VERSION = 1;
				DEVELOPMENT_ASSET_PATHS = "\"chatzy/Preview Content\"";
				DEVELOPMENT_TEAM = B4536J44ZV;
				ENABLE_PREVIEWS = YES;
				GENERATE_INFOPLIST_FILE = YES;
				INFOPLIST_KEY_UIApplicationSceneManifest_Generation = YES;
				INFOPLIST_KEY_UIApplicationSupportsIndirectInputEvents = YES;
				INFOPLIST_KEY_UILaunchScreen_Generation = YES;
				INFOPLIST_KEY_UISupportedInterfaceOrientations_iPad = "UIInterfaceOrientationPortrait UIInterfaceOrientationPortraitUpsideDown UIInterfaceOrientationLandscapeLeft UIInterfaceOrientationLandscapeRight";
				INFOPLIST_KEY_UISupportedInterfaceOrientations_iPhone = "UIInterfaceOrientationPortrait UIInterfaceOrientationLandscapeLeft UIInterfaceOrientationLandscapeRight";
				LD_RUNPATH_SEARCH_PATHS = (
					"$(inherited)",
					"@executable_path/Frameworks",
				);
				MARKETING_VERSION = 1.0;
				PRODUCT_BUNDLE_IDENTIFIER = com.emmanuel.chatzy;
				PRODUCT_NAME = "$(TARGET_NAME)";
				SWIFT_EMIT_LOC_STRINGS = YES;
				SWIFT_VERSION = 5.0;
				TARGETED_DEVICE_FAMILY = "1,2";
			};
			name = Release;
		};
/* End XCBuildConfiguration section */

/* Begin XCConfigurationList section */
		3ABB94DB2D16E2B4000D6142 /* Build configuration list for PBXProject "chatzy" */ = {
			isa = XCConfigurationList;
			buildConfigurations = (
				3ABB94F12D16E2B5000D6142 /* Debug */,
				3ABB94F22D16E2B5000D6142 /* Release */,
			);
			defaultConfigurationIsVisible = 0;
			defaultConfigurationName = Release;
		};
		3ABB94F32D16E2B5000D6142 /* Build configuration list for PBXNativeTarget "chatzy" */ = {
			isa = XCConfigurationList;
			buildConfigurations = (
				3ABB94F42D16E2B5000D6142 /* Debug */,
				3ABB94F52D16E2B5000D6142 /* Release */,
			);
			defaultConfigurationIsVisible = 0;
			defaultConfigurationName = Release;
		};
/* End XCConfigurationList section */

/* Begin XCRemoteSwiftPackageReference section */
		3ABB94FC2D16E3E0000D6142 /* XCRemoteSwiftPackageReference "socket" */ = {
			isa = XCRemoteSwiftPackageReference;
			repositoryURL = "https://github.com/socketio/socket.io-client-swift";
			requirement = {
				branch = master;
				kind = branch;
			};
		};
/* End XCRemoteSwiftPackageReference section */

/* Begin XCSwiftPackageProductDependency section */
		3ABB94FD2D16E3E0000D6142 /* SocketIO */ = {
			isa = XCSwiftPackageProductDependency;
			package = 3ABB94FC2D16E3E0000D6142 /* XCRemoteSwiftPackageReference "socket" */;
			productName = SocketIO;
		};
/* End XCSwiftPackageProductDependency section */

/* Begin XCVersionGroup section */
		3AF48C5D2D17A90600D95D48 /* ChatzyApp.xcdatamodeld */ = {
			isa = XCVersionGroup;
			children = (
				3AF48C5E2D17A90600D95D48 /* ChatzyApp.xcdatamodel */,
			);
			currentVersion = 3AF48C5E2D17A90600D95D48 /* ChatzyApp.xcdatamodel */;
			path = ChatzyApp.xcdatamodeld;
			sourceTree = "<group>";
			versionGroupType = wrapper.xcdatamodel;
		};
/* End XCVersionGroup section */
	};
	rootObject = 3ABB94D82D16E2B4000D6142 /* Project object */;
}
